{
  "name": "@ddgutierrezc/legato-capacitor",
  "version": "1.0.0",
  "lockfileVersion": 3,
  "requires": true,
  "packages": {
    "": {
      "name": "@ddgutierrezc/legato-capacitor",
      "version": "1.0.0",
      "license": "MIT",
      "bin": {
        "legato": "dist/cli/index.mjs"
      },
      "devDependencies": {
        "@capacitor/core": "^8.0.0",
        "@ddgutierrezc/legato-contract": "^1.0.0",
        "typescript": "^5.6.3"
      },
      "peerDependencies": {
        "@capacitor/core": "^8.0.0",
        "@ddgutierrezc/legato-contract": "^1.0.0"
      }
    },
    "node_modules/@capacitor/core": {
      "version": "8.3.1",
      "license": "MIT",
      "dependencies": {
        "tslib": "^2.1.0"
      }
    },
    "node_modules/@ddgutierrezc/legato-contract": {
      "version": "0.1.2",
      "resolved": "https://registry.npmjs.org/@ddgutierrezc/legato-contract/-/legato-contract-0.1.2.tgz",
      "integrity": "sha512-uu3JIGAJG4sqQgzdOuXsnj85c/ZcI+PvgnfWo4retYBufdxOXSfyFpKUabBvHNwj6ukDcwQRm6nNlpV5DwUH5Q==",
      "license": "MIT"
    },
    "node_modules/tslib": {
      "version": "2.8.1",
      "license": "0BSD"
    },
    "node_modules/typescript": {
      "version": "5.9.3",
      "dev": true,
      "license": "Apache-2.0",
      "bin": {
        "tsc": "bin/tsc",
        "tsserver": "bin/tsserver"
      },
      "engines": {
        "node": ">=14.17"
      }
    }
  }
}
